# This file is generated by running "yarn install" inside your project.
# Manual changes might be lost - proceed with caution!

__metadata:
  version: 6
  cacheKey: 8

"@chainlink/contracts@npm:0.5.1":
  version: 0.5.1
  resolution: "@chainlink/contracts@npm:0.5.1"
  dependencies:
    "@eth-optimism/contracts": ^0.5.21
    "@openzeppelin/contracts": ^4.3.3
    "@openzeppelin/contracts-v0.7": "npm:@openzeppelin/contracts@v3.4.2"
  checksum: 24cb0c1c7135b001105ac9d0ae87ba338aa94a93e15c2c02269bad6a0f9cc48d1ad48bf7ccaa0a9faf3ad1835d1aeb20b3804e8f463ddf524240bd72625821cd
  languageName: node
  linkType: hard

"@equilibria/emptyset-batcher@npm:0.1.0":
  version: 0.1.0
  resolution: "@equilibria/emptyset-batcher@npm:0.1.0"
  dependencies:
    "@equilibria/root": 0.1.5
    "@openzeppelin/contracts": 4.6.0
  checksum: c4ba9381e019ecbe2fe44b1c7427872b0e28f4d4e3d5e5e0a8fb6ee8a36099c2d466c9958db0a74af09c6917df5a1f850cc88c2550009a8d76aff59d1a67e4cf
  languageName: node
  linkType: hard

"@equilibria/perennial-oracle@npm:1.2.0":
  version: 1.2.0
  resolution: "@equilibria/perennial-oracle@npm:1.2.0"
  dependencies:
    "@chainlink/contracts": 0.5.1
    "@equilibria/root": 0.2.0
    "@ethersproject/bignumber": ^5.5.1
    "@openzeppelin/contracts": 4.6.0
  peerDependencies:
    "@nomiclabs/hardhat-ethers": ^2.1.0
    hardhat: ^2.10.1
    hardhat-deploy: ^0.11.12
  checksum: 70c12c7c4899aff85f0fb80a1e1f14f8740f50b7481333c1a2ad90b9151ba75d284d221c9e7eacbcfa3a41e5291bb80b20189fcffdd8baa875d5b1db0068eec9
  languageName: node
  linkType: hard

"@equilibria/perennial@workspace:.":
  version: 0.0.0-use.local
  resolution: "@equilibria/perennial@workspace:."
  dependencies:
    "@chainlink/contracts": 0.5.1
    "@equilibria/emptyset-batcher": 0.1.0
    "@equilibria/perennial-oracle": 1.2.0
    "@equilibria/root": 0.2.0
    "@ethersproject/abstract-provider": ^5
    "@ethersproject/abstract-signer": ^5
    "@openzeppelin/contracts": 4.6.0
    lodash: ^4.17.15
  languageName: unknown
  linkType: soft

"@equilibria/root@npm:0.1.5":
  version: 0.1.5
  resolution: "@equilibria/root@npm:0.1.5"
  dependencies:
    "@openzeppelin/contracts": 4.6.0
  checksum: 6df3a2252299bc4a6f42eca823adb7198ffa82a4d596e3561080484e88e5bd6385ed73f970448193736bba6d3bb33706a467b016cecfa9e98d0de1fed3fcceab
  languageName: node
  linkType: hard

"@equilibria/root@npm:0.2.0":
  version: 0.2.0
  resolution: "@equilibria/root@npm:0.2.0"
  dependencies:
    "@openzeppelin/contracts": 4.6.0
  checksum: f712c1cbd39ce161347bc27e08fdd3112599bbe603229516bf30509b6838020c423baaa12e6adeb25729f20a137929461d985546fc69541265c387b6aa1b22c7
  languageName: node
  linkType: hard

"@eth-optimism/contracts@npm:^0.5.21":
  version: 0.5.40
  resolution: "@eth-optimism/contracts@npm:0.5.40"
  dependencies:
    "@eth-optimism/core-utils": 0.12.0
    "@ethersproject/abstract-provider": ^5.7.0
    "@ethersproject/abstract-signer": ^5.7.0
  peerDependencies:
    ethers: ^5
  checksum: 11dde466c90b886efe8b5fd123fa5893187a4ff84839213d417f90ae4e45bf00b2f62d56e4ebe23ba5dd7ec33beed22c4c41e206add35fce0db073fe2dbae6ba
  languageName: node
  linkType: hard

"@eth-optimism/core-utils@npm:0.12.0":
  version: 0.12.0
  resolution: "@eth-optimism/core-utils@npm:0.12.0"
  dependencies:
    "@ethersproject/abi": ^5.7.0
    "@ethersproject/abstract-provider": ^5.7.0
    "@ethersproject/address": ^5.7.0
    "@ethersproject/bignumber": ^5.7.0
    "@ethersproject/bytes": ^5.7.0
    "@ethersproject/constants": ^5.7.0
    "@ethersproject/contracts": ^5.7.0
    "@ethersproject/hash": ^5.7.0
    "@ethersproject/keccak256": ^5.7.0
    "@ethersproject/properties": ^5.7.0
    "@ethersproject/providers": ^5.7.0
    "@ethersproject/rlp": ^5.7.0
    "@ethersproject/transactions": ^5.7.0
    "@ethersproject/web": ^5.7.0
    bufio: ^1.0.7
    chai: ^4.3.4
  checksum: 1c820107c44bdbb46becb1b00fd0dabb44f3ac8f54e6da7872a5a134411fad26f53b193225da55e79d6a8d7f0d01cc16a123db5d41ebaf02ca78360249a4b52a
  languageName: node
  linkType: hard

"@ethersproject/abi@npm:^5.7.0":
  version: 5.7.0
  resolution: "@ethersproject/abi@npm:5.7.0"
  dependencies:
    "@ethersproject/address": ^5.7.0
    "@ethersproject/bignumber": ^5.7.0
    "@ethersproject/bytes": ^5.7.0
    "@ethersproject/constants": ^5.7.0
    "@ethersproject/hash": ^5.7.0
    "@ethersproject/keccak256": ^5.7.0
    "@ethersproject/logger": ^5.7.0
    "@ethersproject/properties": ^5.7.0
    "@ethersproject/strings": ^5.7.0
  checksum: bc6962bb6cb854e4d2a4d65b2c49c716477675b131b1363312234bdbb7e19badb7d9ce66f4ca2a70ae2ea84f7123dbc4e300a1bfe5d58864a7eafabc1466627e
  languageName: node
  linkType: hard

"@ethersproject/abstract-provider@npm:^5, @ethersproject/abstract-provider@npm:^5.5.0":
  version: 5.5.1
  resolution: "@ethersproject/abstract-provider@npm:5.5.1"
  dependencies:
    "@ethersproject/bignumber": ^5.5.0
    "@ethersproject/bytes": ^5.5.0
    "@ethersproject/logger": ^5.5.0
    "@ethersproject/networks": ^5.5.0
    "@ethersproject/properties": ^5.5.0
    "@ethersproject/transactions": ^5.5.0
    "@ethersproject/web": ^5.5.0
  checksum: 73ee68b2320cd436b57a67051606b6d062ddebed6fd4c52b30c02134b81e43aca9bb1815c0956f3c8f519ddbaf9710f349021d1f054f11a88361e0c3f1a9b9f2
  languageName: node
  linkType: hard

"@ethersproject/abstract-provider@npm:^5.7.0":
  version: 5.7.0
  resolution: "@ethersproject/abstract-provider@npm:5.7.0"
  dependencies:
    "@ethersproject/bignumber": ^5.7.0
    "@ethersproject/bytes": ^5.7.0
    "@ethersproject/logger": ^5.7.0
    "@ethersproject/networks": ^5.7.0
    "@ethersproject/properties": ^5.7.0
    "@ethersproject/transactions": ^5.7.0
    "@ethersproject/web": ^5.7.0
  checksum: 74cf4696245cf03bb7cc5b6cbf7b4b89dd9a79a1c4688126d214153a938126d4972d42c93182198653ce1de35f2a2cad68be40337d4774b3698a39b28f0228a8
  languageName: node
  linkType: hard

"@ethersproject/abstract-signer@npm:^5":
  version: 5.5.0
  resolution: "@ethersproject/abstract-signer@npm:5.5.0"
  dependencies:
    "@ethersproject/abstract-provider": ^5.5.0
    "@ethersproject/bignumber": ^5.5.0
    "@ethersproject/bytes": ^5.5.0
    "@ethersproject/logger": ^5.5.0
    "@ethersproject/properties": ^5.5.0
  checksum: d0de55b8b49b43de9976cc2fd73deff33700cea088e50ae46aa71cc0962d5f770f782be584541230253ecc125e238e2123abf11f692d7b019a1e43e6526b2197
  languageName: node
  linkType: hard

"@ethersproject/abstract-signer@npm:^5.7.0":
  version: 5.7.0
  resolution: "@ethersproject/abstract-signer@npm:5.7.0"
  dependencies:
    "@ethersproject/abstract-provider": ^5.7.0
    "@ethersproject/bignumber": ^5.7.0
    "@ethersproject/bytes": ^5.7.0
    "@ethersproject/logger": ^5.7.0
    "@ethersproject/properties": ^5.7.0
  checksum: a823dac9cfb761e009851050ebebd5b229d1b1cc4a75b125c2da130ff37e8218208f7f9d1386f77407705b889b23d4a230ad67185f8872f083143e0073cbfbe3
  languageName: node
  linkType: hard

"@ethersproject/address@npm:^5.5.0":
  version: 5.5.0
  resolution: "@ethersproject/address@npm:5.5.0"
  dependencies:
    "@ethersproject/bignumber": ^5.5.0
    "@ethersproject/bytes": ^5.5.0
    "@ethersproject/keccak256": ^5.5.0
    "@ethersproject/logger": ^5.5.0
    "@ethersproject/rlp": ^5.5.0
  checksum: fa4d2b7ad67d1f1bffc017ccf99274fc455d0afae25ab718c822aa4472fbbf544d1a7bf87c1e75b1f97f9018564a02fd05332dd6daab48dd1efc00b6fe12d45e
  languageName: node
  linkType: hard

"@ethersproject/address@npm:^5.7.0":
  version: 5.7.0
  resolution: "@ethersproject/address@npm:5.7.0"
  dependencies:
    "@ethersproject/bignumber": ^5.7.0
    "@ethersproject/bytes": ^5.7.0
    "@ethersproject/keccak256": ^5.7.0
    "@ethersproject/logger": ^5.7.0
    "@ethersproject/rlp": ^5.7.0
  checksum: 64ea5ebea9cc0e845c413e6cb1e54e157dd9fc0dffb98e239d3a3efc8177f2ff798cd4e3206cf3660ee8faeb7bef1a47dc0ebef0d7b132c32e61e550c7d4c843
  languageName: node
  linkType: hard

"@ethersproject/base64@npm:^5.5.0":
  version: 5.5.0
  resolution: "@ethersproject/base64@npm:5.5.0"
  dependencies:
    "@ethersproject/bytes": ^5.5.0
  checksum: 2d0904093b8e552e201c1b0f1f28ba1b0c950ee4969d626f795241349e4d50cdefd4accf66da50c31a82d625c9b52d839411fb2ed731ede3f8c8dbe8bfee61b9
  languageName: node
  linkType: hard

"@ethersproject/base64@npm:^5.7.0":
  version: 5.7.0
  resolution: "@ethersproject/base64@npm:5.7.0"
  dependencies:
    "@ethersproject/bytes": ^5.7.0
  checksum: 7dd5d734d623582f08f665434f53685041a3d3b334a0e96c0c8afa8bbcaab934d50e5b6b980e826a8fde8d353e0b18f11e61faf17468177274b8e7c69cd9742b
  languageName: node
  linkType: hard

"@ethersproject/basex@npm:^5.7.0":
  version: 5.7.0
  resolution: "@ethersproject/basex@npm:5.7.0"
  dependencies:
    "@ethersproject/bytes": ^5.7.0
    "@ethersproject/properties": ^5.7.0
  checksum: 326087b7e1f3787b5fe6cd1cf2b4b5abfafbc355a45e88e22e5e9d6c845b613ffc5301d629b28d5c4d5e2bfe9ec424e6782c804956dff79be05f0098cb5817de
  languageName: node
  linkType: hard

"@ethersproject/bignumber@npm:^5.5.0":
  version: 5.5.0
  resolution: "@ethersproject/bignumber@npm:5.5.0"
  dependencies:
    "@ethersproject/bytes": ^5.5.0
    "@ethersproject/logger": ^5.5.0
    bn.js: ^4.11.9
  checksum: b18aa583130a9f66d13a998e13f06d6bbd039ae222208c92b7e3836831678b67d8deb07754c221f0102ad7418929f97a5e54fe37400215cbfc012dda2ca0fcff
  languageName: node
  linkType: hard

"@ethersproject/bignumber@npm:^5.5.1, @ethersproject/bignumber@npm:^5.7.0":
  version: 5.7.0
  resolution: "@ethersproject/bignumber@npm:5.7.0"
  dependencies:
    "@ethersproject/bytes": ^5.7.0
    "@ethersproject/logger": ^5.7.0
    bn.js: ^5.2.1
  checksum: 8c9a134b76f3feb4ec26a5a27379efb4e156b8fb2de0678a67788a91c7f4e30abe9d948638458e4b20f2e42380da0adacc7c9389d05fce070692edc6ae9b4904
  languageName: node
  linkType: hard

"@ethersproject/bytes@npm:^5.5.0":
  version: 5.5.0
  resolution: "@ethersproject/bytes@npm:5.5.0"
  dependencies:
    "@ethersproject/logger": ^5.5.0
  checksum: ca55e208ccf4bf5d9a7a1fd9e39035c328a3e5b549657ef58530def787ed750d74d91eeb2ed7cd4bfdb8b1a2a319d6e48abb1d7b3b48a1f59a5ab33adbbc8176
  languageName: node
  linkType: hard

"@ethersproject/bytes@npm:^5.7.0":
  version: 5.7.0
  resolution: "@ethersproject/bytes@npm:5.7.0"
  dependencies:
    "@ethersproject/logger": ^5.7.0
  checksum: 66ad365ceaab5da1b23b72225c71dce472cf37737af5118181fa8ab7447d696bea15ca22e3a0e8836fdd8cfac161afe321a7c67d0dde96f9f645ddd759676621
  languageName: node
  linkType: hard

"@ethersproject/constants@npm:^5.5.0":
  version: 5.5.0
  resolution: "@ethersproject/constants@npm:5.5.0"
  dependencies:
    "@ethersproject/bignumber": ^5.5.0
  checksum: 20519ec5abcbff6d2a7f1260f58b33e1c472abdfb2ee3d5428d08091484fed572f8f873b1cb0410f9248f92512016bbf680324f9f2a537b5f65413a6a1359fd3
  languageName: node
  linkType: hard

"@ethersproject/constants@npm:^5.7.0":
  version: 5.7.0
  resolution: "@ethersproject/constants@npm:5.7.0"
  dependencies:
    "@ethersproject/bignumber": ^5.7.0
  checksum: 6d4b1355747cce837b3e76ec3bde70e4732736f23b04f196f706ebfa5d4d9c2be50904a390d4d40ce77803b98d03d16a9b6898418e04ba63491933ce08c4ba8a
  languageName: node
  linkType: hard

"@ethersproject/contracts@npm:^5.7.0":
  version: 5.7.0
  resolution: "@ethersproject/contracts@npm:5.7.0"
  dependencies:
    "@ethersproject/abi": ^5.7.0
    "@ethersproject/abstract-provider": ^5.7.0
    "@ethersproject/abstract-signer": ^5.7.0
    "@ethersproject/address": ^5.7.0
    "@ethersproject/bignumber": ^5.7.0
    "@ethersproject/bytes": ^5.7.0
    "@ethersproject/constants": ^5.7.0
    "@ethersproject/logger": ^5.7.0
    "@ethersproject/properties": ^5.7.0
    "@ethersproject/transactions": ^5.7.0
  checksum: 6ccf1121cba01b31e02f8c507cb971ab6bfed85706484a9ec09878ef1594a62215f43c4fdef8f4a4875b99c4a800bc95e3be69b1803f8ce479e07634b5a740c0
  languageName: node
  linkType: hard

"@ethersproject/hash@npm:^5.7.0":
  version: 5.7.0
  resolution: "@ethersproject/hash@npm:5.7.0"
  dependencies:
    "@ethersproject/abstract-signer": ^5.7.0
    "@ethersproject/address": ^5.7.0
    "@ethersproject/base64": ^5.7.0
    "@ethersproject/bignumber": ^5.7.0
    "@ethersproject/bytes": ^5.7.0
    "@ethersproject/keccak256": ^5.7.0
    "@ethersproject/logger": ^5.7.0
    "@ethersproject/properties": ^5.7.0
    "@ethersproject/strings": ^5.7.0
  checksum: 6e9fa8d14eb08171cd32f17f98cc108ec2aeca74a427655f0d689c550fee0b22a83b3b400fad7fb3f41cf14d4111f87f170aa7905bcbcd1173a55f21b06262ef
  languageName: node
  linkType: hard

"@ethersproject/keccak256@npm:^5.5.0":
  version: 5.5.0
  resolution: "@ethersproject/keccak256@npm:5.5.0"
  dependencies:
    "@ethersproject/bytes": ^5.5.0
    js-sha3: 0.8.0
  checksum: 587590c8448f3e1db52320d4fecc807d94a8ee83253110c076c7f8ce3b3127f7fd56c302f1ee80e6bc2764a4949a490ee5143344fabfad2a65020dc2f5896a85
  languageName: node
  linkType: hard

"@ethersproject/keccak256@npm:^5.7.0":
  version: 5.7.0
  resolution: "@ethersproject/keccak256@npm:5.7.0"
  dependencies:
    "@ethersproject/bytes": ^5.7.0
    js-sha3: 0.8.0
  checksum: ff70950d82203aab29ccda2553422cbac2e7a0c15c986bd20a69b13606ed8bb6e4fdd7b67b8d3b27d4f841e8222cbaccd33ed34be29f866fec7308f96ed244c6
  languageName: node
  linkType: hard

"@ethersproject/logger@npm:^5.5.0":
  version: 5.5.0
  resolution: "@ethersproject/logger@npm:5.5.0"
  checksum: 61d813ef8b9049e406f0b0b095f40a3809f8097dab4aaac980d91866a0e2718582d8e9d68b4280c7935546d3116cbc93a635d8f82e2a7963d6e2a1d43f29eb9a
  languageName: node
  linkType: hard

"@ethersproject/logger@npm:^5.7.0":
  version: 5.7.0
  resolution: "@ethersproject/logger@npm:5.7.0"
  checksum: 075ab2f605f1fd0813f2e39c3308f77b44a67732b36e712d9bc085f22a84aac4da4f71b39bee50fe78da3e1c812673fadc41180c9970fe5e486e91ea17befe0d
  languageName: node
  linkType: hard

"@ethersproject/networks@npm:^5.5.0":
  version: 5.5.2
  resolution: "@ethersproject/networks@npm:5.5.2"
  dependencies:
    "@ethersproject/logger": ^5.5.0
  checksum: d6768591ac792daf328d68f3f161d8be6d71b71495698c8d1b9fe6155ae460c9ce97a5003c7799efe89d17ede117a86153313fda4a8a1bd97eda2be6aa646923
  languageName: node
  linkType: hard

"@ethersproject/networks@npm:^5.7.0":
  version: 5.7.1
  resolution: "@ethersproject/networks@npm:5.7.1"
  dependencies:
    "@ethersproject/logger": ^5.7.0
  checksum: 0339f312304c17d9a0adce550edb825d4d2c8c9468c1634c44172c67a9ed256f594da62c4cda5c3837a0f28b7fabc03aca9b492f68ff1fdad337ee861b27bd5d
  languageName: node
  linkType: hard

"@ethersproject/properties@npm:^5.5.0":
  version: 5.5.0
  resolution: "@ethersproject/properties@npm:5.5.0"
  dependencies:
    "@ethersproject/logger": ^5.5.0
  checksum: 1e71a13291e87c3be5fc0fa5e96a1e6043fd6bc3c3507f2cdd21f76ce73a7c05a973d6f63934943227c806a6b4bdeb1a719a6a12b79529ab002a0c0bf509363d
  languageName: node
  linkType: hard

"@ethersproject/properties@npm:^5.7.0":
  version: 5.7.0
  resolution: "@ethersproject/properties@npm:5.7.0"
  dependencies:
    "@ethersproject/logger": ^5.7.0
  checksum: 6ab0ccf0c3aadc9221e0cdc5306ce6cd0df7f89f77d77bccdd1277182c9ead0202cd7521329ba3acde130820bf8af299e17cf567d0d497c736ee918207bbf59f
  languageName: node
  linkType: hard

"@ethersproject/providers@npm:^5.7.0":
  version: 5.7.2
  resolution: "@ethersproject/providers@npm:5.7.2"
  dependencies:
    "@ethersproject/abstract-provider": ^5.7.0
    "@ethersproject/abstract-signer": ^5.7.0
    "@ethersproject/address": ^5.7.0
    "@ethersproject/base64": ^5.7.0
    "@ethersproject/basex": ^5.7.0
    "@ethersproject/bignumber": ^5.7.0
    "@ethersproject/bytes": ^5.7.0
    "@ethersproject/constants": ^5.7.0
    "@ethersproject/hash": ^5.7.0
    "@ethersproject/logger": ^5.7.0
    "@ethersproject/networks": ^5.7.0
    "@ethersproject/properties": ^5.7.0
    "@ethersproject/random": ^5.7.0
    "@ethersproject/rlp": ^5.7.0
    "@ethersproject/sha2": ^5.7.0
    "@ethersproject/strings": ^5.7.0
    "@ethersproject/transactions": ^5.7.0
    "@ethersproject/web": ^5.7.0
    bech32: 1.1.4
    ws: 7.4.6
  checksum: 1754c731a5ca6782ae9677f4a9cd8b6246c4ef21a966c9a01b133750f3c578431ec43ec254e699969c4a0f87e84463ded50f96b415600aabd37d2056aee58c19
  languageName: node
  linkType: hard

"@ethersproject/random@npm:^5.7.0":
  version: 5.7.0
  resolution: "@ethersproject/random@npm:5.7.0"
  dependencies:
    "@ethersproject/bytes": ^5.7.0
    "@ethersproject/logger": ^5.7.0
  checksum: 017829c91cff6c76470852855108115b0b52c611b6be817ed1948d56ba42d6677803ec2012aa5ae298a7660024156a64c11fcf544e235e239ab3f89f0fff7345
  languageName: node
  linkType: hard

"@ethersproject/rlp@npm:^5.5.0":
  version: 5.5.0
  resolution: "@ethersproject/rlp@npm:5.5.0"
  dependencies:
    "@ethersproject/bytes": ^5.5.0
    "@ethersproject/logger": ^5.5.0
  checksum: 6ffb619b1a3d3ca5cb8cb52ee586bb16061a083d77751b98b3b822a7af170344034bcc819f78d1cb4f4ea80bd9a504cb6d55cdb1356b5a14af24bacfb74f837d
  languageName: node
  linkType: hard

"@ethersproject/rlp@npm:^5.7.0":
  version: 5.7.0
  resolution: "@ethersproject/rlp@npm:5.7.0"
  dependencies:
    "@ethersproject/bytes": ^5.7.0
    "@ethersproject/logger": ^5.7.0
  checksum: bce165b0f7e68e4d091c9d3cf47b247cac33252df77a095ca4281d32d5eeaaa3695d9bc06b2b057c5015353a68df89f13a4a54a72e888e4beeabbe56b15dda6e
  languageName: node
  linkType: hard

"@ethersproject/sha2@npm:^5.7.0":
  version: 5.7.0
  resolution: "@ethersproject/sha2@npm:5.7.0"
  dependencies:
    "@ethersproject/bytes": ^5.7.0
    "@ethersproject/logger": ^5.7.0
    hash.js: 1.1.7
  checksum: 09321057c022effbff4cc2d9b9558228690b5dd916329d75c4b1ffe32ba3d24b480a367a7cc92d0f0c0b1c896814d03351ae4630e2f1f7160be2bcfbde435dbc
  languageName: node
  linkType: hard

"@ethersproject/signing-key@npm:^5.5.0":
  version: 5.5.0
  resolution: "@ethersproject/signing-key@npm:5.5.0"
  dependencies:
    "@ethersproject/bytes": ^5.5.0
    "@ethersproject/logger": ^5.5.0
    "@ethersproject/properties": ^5.5.0
    bn.js: ^4.11.9
    elliptic: 6.5.4
    hash.js: 1.1.7
  checksum: 28ba124eaff7fb69f256950957e9562781c060a7f998750cce003819bed25018cbc4cde052d93913bbfa419ce905b1c89a326dac90a96cf00a97924e163c116b
  languageName: node
  linkType: hard

"@ethersproject/signing-key@npm:^5.7.0":
  version: 5.7.0
  resolution: "@ethersproject/signing-key@npm:5.7.0"
  dependencies:
    "@ethersproject/bytes": ^5.7.0
    "@ethersproject/logger": ^5.7.0
    "@ethersproject/properties": ^5.7.0
    bn.js: ^5.2.1
    elliptic: 6.5.4
    hash.js: 1.1.7
  checksum: 8f8de09b0aac709683bbb49339bc0a4cd2f95598f3546436c65d6f3c3a847ffa98e06d35e9ed2b17d8030bd2f02db9b7bd2e11c5cf8a71aad4537487ab4cf03a
  languageName: node
  linkType: hard

"@ethersproject/strings@npm:^5.5.0":
  version: 5.5.0
  resolution: "@ethersproject/strings@npm:5.5.0"
  dependencies:
    "@ethersproject/bytes": ^5.5.0
    "@ethersproject/constants": ^5.5.0
    "@ethersproject/logger": ^5.5.0
  checksum: b17c0a3488b7a829317f6fb842af4f848f183083741846a3e05cd79fd8b76979e0211a060f03e9a528f79af7a4b077ac4421ed03194a73b738b2804969acd202
  languageName: node
  linkType: hard

"@ethersproject/strings@npm:^5.7.0":
  version: 5.7.0
  resolution: "@ethersproject/strings@npm:5.7.0"
  dependencies:
    "@ethersproject/bytes": ^5.7.0
    "@ethersproject/constants": ^5.7.0
    "@ethersproject/logger": ^5.7.0
  checksum: 5ff78693ae3fdf3cf23e1f6dc047a61e44c8197d2408c42719fef8cb7b7b3613a4eec88ac0ed1f9f5558c74fe0de7ae3195a29ca91a239c74b9f444d8e8b50df
  languageName: node
  linkType: hard

"@ethersproject/transactions@npm:^5.5.0":
  version: 5.5.0
  resolution: "@ethersproject/transactions@npm:5.5.0"
  dependencies:
    "@ethersproject/address": ^5.5.0
    "@ethersproject/bignumber": ^5.5.0
    "@ethersproject/bytes": ^5.5.0
    "@ethersproject/constants": ^5.5.0
    "@ethersproject/keccak256": ^5.5.0
    "@ethersproject/logger": ^5.5.0
    "@ethersproject/properties": ^5.5.0
    "@ethersproject/rlp": ^5.5.0
    "@ethersproject/signing-key": ^5.5.0
  checksum: 2de8ddb08927cbdec73de588e0ee1a9eb8f28a7f580deccc8bf51501c371ceaab252cc3339bdca620d94541c1fd214f58d279b50e2c27abe206a892fe917cf55
  languageName: node
  linkType: hard

"@ethersproject/transactions@npm:^5.7.0":
  version: 5.7.0
  resolution: "@ethersproject/transactions@npm:5.7.0"
  dependencies:
    "@ethersproject/address": ^5.7.0
    "@ethersproject/bignumber": ^5.7.0
    "@ethersproject/bytes": ^5.7.0
    "@ethersproject/constants": ^5.7.0
    "@ethersproject/keccak256": ^5.7.0
    "@ethersproject/logger": ^5.7.0
    "@ethersproject/properties": ^5.7.0
    "@ethersproject/rlp": ^5.7.0
    "@ethersproject/signing-key": ^5.7.0
  checksum: a31b71996d2b283f68486241bff0d3ea3f1ba0e8f1322a8fffc239ccc4f4a7eb2ea9994b8fd2f093283fd75f87bae68171e01b6265261f821369aca319884a79
  languageName: node
  linkType: hard

"@ethersproject/web@npm:^5.5.0":
  version: 5.5.1
  resolution: "@ethersproject/web@npm:5.5.1"
  dependencies:
    "@ethersproject/base64": ^5.5.0
    "@ethersproject/bytes": ^5.5.0
    "@ethersproject/logger": ^5.5.0
    "@ethersproject/properties": ^5.5.0
    "@ethersproject/strings": ^5.5.0
  checksum: 4718efd7e78f69ccd069309d7d46de562a988ab3e01089e047259b714bbf958d917e86c57c1a6ec99724c4dfd0338bb6b3dc990597a1326f7199039e450bc73c
  languageName: node
  linkType: hard

"@ethersproject/web@npm:^5.7.0":
  version: 5.7.1
  resolution: "@ethersproject/web@npm:5.7.1"
  dependencies:
    "@ethersproject/base64": ^5.7.0
    "@ethersproject/bytes": ^5.7.0
    "@ethersproject/logger": ^5.7.0
    "@ethersproject/properties": ^5.7.0
    "@ethersproject/strings": ^5.7.0
  checksum: 7028c47103f82fd2e2c197ce0eecfacaa9180ffeec7de7845b1f4f9b19d84081b7a48227aaddde05a4aaa526af574a9a0ce01cc0fc75e3e371f84b38b5b16b2b
  languageName: node
  linkType: hard

"@openzeppelin/contracts-v0.7@npm:@openzeppelin/contracts@v3.4.2":
  version: 3.4.2
  resolution: "@openzeppelin/contracts@npm:3.4.2"
  checksum: 0c90f029fe50a49643588e4c8670dae3bbf31795133a6ddce9bdcbc258486332700bb732287baabf7bf807f39182fe8ea2ffa19aa5caf359b1b9c0f083280748
  languageName: node
  linkType: hard

"@openzeppelin/contracts@npm:4.6.0":
  version: 4.6.0
  resolution: "@openzeppelin/contracts@npm:4.6.0"
  checksum: 1de06211b279d7aef2bb9abbdd58eb80c71256f7e888a10855ea23bb06ef8723b22fb550d06af60247dfbd7f0f23de9821732012d7541a823339070a8442d1db
  languageName: node
  linkType: hard

"@openzeppelin/contracts@npm:^4.3.3":
  version: 4.9.0
  resolution: "@openzeppelin/contracts@npm:4.9.0"
  checksum: aa1499897f85821f9184497f5201152a4a272b05749c85c209e9e553d734467a78557bcd2efe35f07994d6e14f30c545b239a4f63622f27f808182efb3103658
  languageName: node
  linkType: hard

"assertion-error@npm:^1.1.0":
  version: 1.1.0
  resolution: "assertion-error@npm:1.1.0"
  checksum: fd9429d3a3d4fd61782eb3962ae76b6d08aa7383123fca0596020013b3ebd6647891a85b05ce821c47d1471ed1271f00b0545cf6a4326cf2fc91efcc3b0fbecf
  languageName: node
  linkType: hard

"bech32@npm:1.1.4":
  version: 1.1.4
  resolution: "bech32@npm:1.1.4"
  checksum: 0e98db619191548390d6f09ff68b0253ba7ae6a55db93dfdbb070ba234c1fd3308c0606fbcc95fad50437227b10011e2698b89f0181f6e7f845c499bd14d0f4b
  languageName: node
  linkType: hard

"bn.js@npm:^4.11.9":
  version: 4.12.0
  resolution: "bn.js@npm:4.12.0"
  checksum: 39afb4f15f4ea537b55eaf1446c896af28ac948fdcf47171961475724d1bb65118cca49fa6e3d67706e4790955ec0e74de584e45c8f1ef89f46c812bee5b5a12
  languageName: node
  linkType: hard

"bn.js@npm:^5.2.1":
  version: 5.2.1
  resolution: "bn.js@npm:5.2.1"
  checksum: 3dd8c8d38055fedfa95c1d5fc3c99f8dd547b36287b37768db0abab3c239711f88ff58d18d155dd8ad902b0b0cee973747b7ae20ea12a09473272b0201c9edd3
  languageName: node
  linkType: hard

"brorand@npm:^1.1.0":
  version: 1.1.0
  resolution: "brorand@npm:1.1.0"
  checksum: 8a05c9f3c4b46572dec6ef71012b1946db6cae8c7bb60ccd4b7dd5a84655db49fe043ecc6272e7ef1f69dc53d6730b9e2a3a03a8310509a3d797a618cbee52be
  languageName: node
  linkType: hard

"bufio@npm:^1.0.7":
  version: 1.2.0
  resolution: "bufio@npm:1.2.0"
  checksum: c5cc0009990ed62634ea7f8c07dcf92f1075231d3a34c4cdd2a3d0cfadef45f49b4277f4e41ce4eb0d2aecd9796c98ca034ca7c5fcb07a94469d8866c0da8e92
  languageName: node
  linkType: hard

"chai@npm:^4.3.4":
  version: 4.3.7
  resolution: "chai@npm:4.3.7"
  dependencies:
    assertion-error: ^1.1.0
    check-error: ^1.0.2
    deep-eql: ^4.1.2
    get-func-name: ^2.0.0
    loupe: ^2.3.1
    pathval: ^1.1.1
    type-detect: ^4.0.5
  checksum: 0bba7d267848015246a66995f044ce3f0ebc35e530da3cbdf171db744e14cbe301ab913a8d07caf7952b430257ccbb1a4a983c570a7c5748dc537897e5131f7c
  languageName: node
  linkType: hard

"check-error@npm:^1.0.2":
  version: 1.0.2
  resolution: "check-error@npm:1.0.2"
  checksum: d9d106504404b8addd1ee3f63f8c0eaa7cd962a1a28eb9c519b1c4a1dc7098be38007fc0060f045ee00f075fbb7a2a4f42abcf61d68323677e11ab98dc16042e
  languageName: node
  linkType: hard

"deep-eql@npm:^4.1.2":
  version: 4.1.3
  resolution: "deep-eql@npm:4.1.3"
  dependencies:
    type-detect: ^4.0.0
  checksum: 7f6d30cb41c713973dc07eaadded848b2ab0b835e518a88b91bea72f34e08c4c71d167a722a6f302d3a6108f05afd8e6d7650689a84d5d29ec7fe6220420397f
  languageName: node
  linkType: hard

"elliptic@npm:6.5.4":
  version: 6.5.4
  resolution: "elliptic@npm:6.5.4"
  dependencies:
    bn.js: ^4.11.9
    brorand: ^1.1.0
    hash.js: ^1.0.0
    hmac-drbg: ^1.0.1
    inherits: ^2.0.4
    minimalistic-assert: ^1.0.1
    minimalistic-crypto-utils: ^1.0.1
  checksum: d56d21fd04e97869f7ffcc92e18903b9f67f2d4637a23c860492fbbff5a3155fd9ca0184ce0c865dd6eb2487d234ce9551335c021c376cd2d3b7cb749c7d10f4
  languageName: node
  linkType: hard

"get-func-name@npm:^2.0.0":
  version: 2.0.0
  resolution: "get-func-name@npm:2.0.0"
  checksum: 8d82e69f3e7fab9e27c547945dfe5cc0c57fc0adf08ce135dddb01081d75684a03e7a0487466f478872b341d52ac763ae49e660d01ab83741f74932085f693c3
  languageName: node
  linkType: hard

"hash.js@npm:1.1.7, hash.js@npm:^1.0.0, hash.js@npm:^1.0.3":
  version: 1.1.7
  resolution: "hash.js@npm:1.1.7"
  dependencies:
    inherits: ^2.0.3
    minimalistic-assert: ^1.0.1
  checksum: e350096e659c62422b85fa508e4b3669017311aa4c49b74f19f8e1bc7f3a54a584fdfd45326d4964d6011f2b2d882e38bea775a96046f2a61b7779a979629d8f
  languageName: node
  linkType: hard

"hmac-drbg@npm:^1.0.1":
  version: 1.0.1
  resolution: "hmac-drbg@npm:1.0.1"
  dependencies:
    hash.js: ^1.0.3
    minimalistic-assert: ^1.0.0
    minimalistic-crypto-utils: ^1.0.1
  checksum: bd30b6a68d7f22d63f10e1888aee497d7c2c5c0bb469e66bbdac99f143904d1dfe95f8131f95b3e86c86dd239963c9d972fcbe147e7cffa00e55d18585c43fe0
  languageName: node
  linkType: hard

"inherits@npm:^2.0.3, inherits@npm:^2.0.4":
  version: 2.0.4
  resolution: "inherits@npm:2.0.4"
  checksum: 4a48a733847879d6cf6691860a6b1e3f0f4754176e4d71494c41f3475553768b10f84b5ce1d40fbd0e34e6bfbb864ee35858ad4dd2cf31e02fc4a154b724d7f1
  languageName: node
  linkType: hard

"js-sha3@npm:0.8.0":
  version: 0.8.0
  resolution: "js-sha3@npm:0.8.0"
  checksum: 75df77c1fc266973f06cce8309ce010e9e9f07ec35ab12022ed29b7f0d9c8757f5a73e1b35aa24840dced0dea7059085aa143d817aea9e188e2a80d569d9adce
  languageName: node
  linkType: hard

"lodash@npm:^4.17.15":
  version: 4.17.21
  resolution: "lodash@npm:4.17.21"
  checksum: eb835a2e51d381e561e508ce932ea50a8e5a68f4ebdd771ea240d3048244a8d13658acbd502cd4829768c56f2e16bdd4340b9ea141297d472517b83868e677f7
  languageName: node
  linkType: hard

"loupe@npm:^2.3.1":
  version: 2.3.4
  resolution: "loupe@npm:2.3.4"
  dependencies:
    get-func-name: ^2.0.0
  checksum: 5af91db61aa18530f1749a64735ee194ac263e65e9f4d1562bf3036c591f1baa948289c193e0e34c7b5e2c1b75d3c1dc4fce87f5edb3cee10b0c0df46bc9ffb3
  languageName: node
  linkType: hard

"minimalistic-assert@npm:^1.0.0, minimalistic-assert@npm:^1.0.1":
  version: 1.0.1
  resolution: "minimalistic-assert@npm:1.0.1"
  checksum: cc7974a9268fbf130fb055aff76700d7e2d8be5f761fb5c60318d0ed010d839ab3661a533ad29a5d37653133385204c503bfac995aaa4236f4e847461ea32ba7
  languageName: node
  linkType: hard

"minimalistic-crypto-utils@npm:^1.0.1":
  version: 1.0.1
  resolution: "minimalistic-crypto-utils@npm:1.0.1"
  checksum: 6e8a0422b30039406efd4c440829ea8f988845db02a3299f372fceba56ffa94994a9c0f2fd70c17f9969eedfbd72f34b5070ead9656a34d3f71c0bd72583a0ed
  languageName: node
  linkType: hard

"pathval@npm:^1.1.1":
  version: 1.1.1
  resolution: "pathval@npm:1.1.1"
  checksum: 090e3147716647fb7fb5b4b8c8e5b55e5d0a6086d085b6cd23f3d3c01fcf0ff56fd3cc22f2f4a033bd2e46ed55d61ed8379e123b42afe7d531a2a5fc8bb556d6
  languageName: node
  linkType: hard

"type-detect@npm:^4.0.0, type-detect@npm:^4.0.5":
  version: 4.0.8
  resolution: "type-detect@npm:4.0.8"
  checksum: 62b5628bff67c0eb0b66afa371bd73e230399a8d2ad30d852716efcc4656a7516904570cd8631a49a3ce57c10225adf5d0cbdcb47f6b0255fe6557c453925a15
  languageName: node
  linkType: hard

"ws@npm:7.4.6":
  version: 7.4.6
  resolution: "ws@npm:7.4.6"
  peerDependencies:
    bufferutil: ^4.0.1
    utf-8-validate: ^5.0.2
  peerDependenciesMeta:
    bufferutil:
      optional: true
    utf-8-validate:
      optional: true
  checksum: 3a990b32ed08c72070d5e8913e14dfcd831919205be52a3ff0b4cdd998c8d554f167c9df3841605cde8b11d607768cacab3e823c58c96a5c08c987e093eb767a
  languageName: node
  linkType: hard
